
Microsoft Visual Studio Solution File, Format Version 12.00
# Visual Studio Version 17
VisualStudioVersion = 17.11.35219.272
MinimumVisualStudioVersion = 10.0.40219.1
Project("{FAE04EC0-301F-11D3-BF4B-00C04F79EFBC}") = "PrintPicture", "PrintPicture.csproj", "{F6920BB5-B8C3-4740-9CE1-BD24EB411992}"
EndProject
Global
	GlobalSection(SolutionConfigurationPlatforms) = preSolution
		Debug|Any CPU = Debug|Any CPU
		Release|Any CPU = Release|Any CPU
	EndGlobalSection
	GlobalSection(ProjectConfigurationPlatforms) = postSolution
		{F6920BB5-B8C3-4740-9CE1-BD24EB411992}.Debug|Any CPU.ActiveCfg = Debug|Any CPU
		{F6920BB5-B8C3-4740-9CE1-BD24EB411992}.Debug|Any CPU.Build.0 = Debug|Any CPU
		{F6920BB5-B8C3-4740-9CE1-BD24EB411992}.Release|Any CPU.ActiveCfg = Release|Any CPU
		{F6920BB5-B8C3-4740-9CE1-BD24EB411992}.Release|Any CPU.Build.0 = Release|Any CPU
	EndGlobalSection
	GlobalSection(SolutionProperties) = preSolution
		HideSolutionNode = FALSE
	EndGlobalSection
	GlobalSection(ExtensibilityGlobals) = postSolution
		SolutionGuid = {F74F09B8-92BA-49EA-8DD9-D1414210DACD}
	EndGlobalSection
EndGlobal
